// !$*UTF8*$!
{
	archiveVersion = 1;
	classes = {
	};
	objectVersion = 46;
	objects = {

/* Begin PBXBuildFile section */
		99B3D7451EA6877200F77F3A /* EmployeeDataBase.m in Sources */ = {isa = PBXBuildFile; fileRef = 99B3D7441EA6877200F77F3A /* EmployeeDataBase.m */; };
		99C72DE81EA7DDC00074A2AE /* Employee.m in Sources */ = {isa = PBXBuildFile; fileRef = 99C72DE71EA7DDC00074A2AE /* Employee.m */; settings = {COMPILER_FLAGS = "-fno-objc-arc"; }; };
		99C72DEC1EA7F8F30074A2AE /* EmployeeTableViewController.m in Sources */ = {isa = PBXBuildFile; fileRef = 99C72DEB1EA7F8F30074A2AE /* EmployeeTableViewController.m */; };
		99C72DEF1EA8077E0074A2AE /* AddEmployeeViewController.m in Sources */ = {isa = PBXBuildFile; fileRef = 99C72DEE1EA8077E0074A2AE /* AddEmployeeViewController.m */; };
		99F1C3571EA5250500CF466B /* main.m in Sources */ = {isa = PBXBuildFile; fileRef = 99F1C3561EA5250500CF466B /* main.m */; };
		99F1C35A1EA5250500CF466B /* AppDelegate.m in Sources */ = {isa = PBXBuildFile; fileRef = 99F1C3591EA5250500CF466B /* AppDelegate.m */; };
		99F1C35D1EA5250500CF466B /* ViewController.m in Sources */ = {isa = PBXBuildFile; fileRef = 99F1C35C1EA5250500CF466B /* ViewController.m */; };
		99F1C3601EA5250500CF466B /* Main.storyboard in Resources */ = {isa = PBXBuildFile; fileRef = 99F1C35E1EA5250500CF466B /* Main.storyboard */; };
		99F1C3621EA5250500CF466B /* Assets.xcassets in Resources */ = {isa = PBXBuildFile; fileRef = 99F1C3611EA5250500CF466B /* Assets.xcassets */; };
		99F1C3651EA5250500CF466B /* LaunchScreen.storyboard in Resources */ = {isa = PBXBuildFile; fileRef = 99F1C3631EA5250500CF466B /* LaunchScreen.storyboard */; };
		99F1C36E1EA52F0100CF466B /* Person.m in Sources */ = {isa = PBXBuildFile; fileRef = 99F1C36D1EA52F0100CF466B /* Person.m */; settings = {COMPILER_FLAGS = "-fno-objc-arc"; }; };
/* End PBXBuildFile section */

/* Begin PBXFileReference section */
		99B3D7431EA6877200F77F3A /* EmployeeDataBase.h */ = {isa = PBXFileReference; fileEncoding = 4; lastKnownFileType = sourcecode.c.h; path = EmployeeDataBase.h; sourceTree = "<group>"; };
		99B3D7441EA6877200F77F3A /* EmployeeDataBase.m */ = {isa = PBXFileReference; fileEncoding = 4; lastKnownFileType = sourcecode.c.objc; path = EmployeeDataBase.m; sourceTree = "<group>"; };
		99C72DE61EA7DDC00074A2AE /* Employee.h */ = {isa = PBXFileReference; fileEncoding = 4; lastKnownFileType = sourcecode.c.h; path = Employee.h; sourceTree = "<group>"; };
		99C72DE71EA7DDC00074A2AE /* Employee.m */ = {isa = PBXFileReference; fileEncoding = 4; lastKnownFileType = sourcecode.c.objc; path = Employee.m; sourceTree = "<group>"; };
		99C72DEA1EA7F8F30074A2AE /* EmployeeTableViewController.h */ = {isa = PBXFileReference; fileEncoding = 4; lastKnownFileType = sourcecode.c.h; path = EmployeeTableViewController.h; sourceTree = "<group>"; };
		99C72DEB1EA7F8F30074A2AE /* EmployeeTableViewController.m */ = {isa = PBXFileReference; fileEncoding = 4; lastKnownFileType = sourcecode.c.objc; path = EmployeeTableViewController.m; sourceTree = "<group>"; };
		99C72DED1EA8077E0074A2AE /* AddEmployeeViewController.h */ = {isa = PBXFileReference; fileEncoding = 4; lastKnownFileType = sourcecode.c.h; path = AddEmployeeViewController.h; sourceTree = "<group>"; };
		99C72DEE1EA8077E0074A2AE /* AddEmployeeViewController.m */ = {isa = PBXFileReference; fileEncoding = 4; lastKnownFileType = sourcecode.c.objc; path = AddEmployeeViewController.m; sourceTree = "<group>"; };
		99F1C3521EA5250500CF466B /* intro_to_Objective-C.app */ = {isa = PBXFileReference; explicitFileType = wrapper.application; includeInIndex = 0; path = "intro_to_Objective-C.app"; sourceTree = BUILT_PRODUCTS_DIR; };
		99F1C3561EA5250500CF466B /* main.m */ = {isa = PBXFileReference; lastKnownFileType = sourcecode.c.objc; path = main.m; sourceTree = "<group>"; };
		99F1C3581EA5250500CF466B /* AppDelegate.h */ = {isa = PBXFileReference; lastKnownFileType = sourcecode.c.h; path = AppDelegate.h; sourceTree = "<group>"; };
		99F1C3591EA5250500CF466B /* AppDelegate.m */ = {isa = PBXFileReference; lastKnownFileType = sourcecode.c.objc; path = AppDelegate.m; sourceTree = "<group>"; };
		99F1C35B1EA5250500CF466B /* ViewController.h */ = {isa = PBXFileReference; lastKnownFileType = sourcecode.c.h; path = ViewController.h; sourceTree = "<group>"; };
		99F1C35C1EA5250500CF466B /* ViewController.m */ = {isa = PBXFileReference; lastKnownFileType = sourcecode.c.objc; path = ViewController.m; sourceTree = "<group>"; };
		99F1C35F1EA5250500CF466B /* Base */ = {isa = PBXFileReference; lastKnownFileType = file.storyboard; name = Base; path = Base.lproj/Main.storyboard; sourceTree = "<group>"; };
		99F1C3611EA5250500CF466B /* Assets.xcassets */ = {isa = PBXFileReference; lastKnownFileType = folder.assetcatalog; path = Assets.xcassets; sourceTree = "<group>"; };
		99F1C3641EA5250500CF466B /* Base */ = {isa = PBXFileReference; lastKnownFileType = file.storyboard; name = Base; path = Base.lproj/LaunchScreen.storyboard; sourceTree = "<group>"; };
		99F1C3661EA5250500CF466B /* Info.plist */ = {isa = PBXFileReference; lastKnownFileType = text.plist.xml; path = Info.plist; sourceTree = "<group>"; };
		99F1C36C1EA52F0100CF466B /* Person.h */ = {isa = PBXFileReference; fileEncoding = 4; lastKnownFileType = sourcecode.c.h; path = Person.h; sourceTree = "<group>"; };
		99F1C36D1EA52F0100CF466B /* Person.m */ = {isa = PBXFileReference; fileEncoding = 4; lastKnownFileType = sourcecode.c.objc; path = Person.m; sourceTree = "<group>"; };
		99F1C3721EA5483F00CF466B /* ViewControllerDataSource.h */ = {isa = PBXFileReference; fileEncoding = 4; lastKnownFileType = sourcecode.c.h; path = ViewControllerDataSource.h; sourceTree = "<group>"; };
/* End PBXFileReference section */

/* Begin PBXFrameworksBuildPhase section */
		99F1C34F1EA5250500CF466B /* Frameworks */ = {
			isa = PBXFrameworksBuildPhase;
			buildActionMask = 2147483647;
			files = (
			);
			runOnlyForDeploymentPostprocessing = 0;
		};
/* End PBXFrameworksBuildPhase section */

/* Begin PBXGroup section */
		99A6D2A81EA7C0A8007B69F1 /* Controller */ = {
			isa = PBXGroup;
			children = (
				99F1C35B1EA5250500CF466B /* ViewController.h */,
				99F1C35C1EA5250500CF466B /* ViewController.m */,
				99C72DEA1EA7F8F30074A2AE /* EmployeeTableViewController.h */,
				99C72DEB1EA7F8F30074A2AE /* EmployeeTableViewController.m */,
				99C72DED1EA8077E0074A2AE /* AddEmployeeViewController.h */,
				99C72DEE1EA8077E0074A2AE /* AddEmployeeViewController.m */,
			);
			name = Controller;
			sourceTree = "<group>";
		};
		99B3D7461EA68AC900F77F3A /* Model */ = {
			isa = PBXGroup;
			children = (
				99B3D7431EA6877200F77F3A /* EmployeeDataBase.h */,
				99B3D7441EA6877200F77F3A /* EmployeeDataBase.m */,
				99C72DE61EA7DDC00074A2AE /* Employee.h */,
				99C72DE71EA7DDC00074A2AE /* Employee.m */,
				99F1C36C1EA52F0100CF466B /* Person.h */,
				99F1C36D1EA52F0100CF466B /* Person.m */,
			);
			name = Model;
			sourceTree = "<group>";
		};
		99B3D7481EA68AF800F77F3A /* Views */ = {
			isa = PBXGroup;
			children = (
				99F1C3721EA5483F00CF466B /* ViewControllerDataSource.h */,
			);
			name = Views;
			sourceTree = "<group>";
		};
		99C72DE91EA7E4990074A2AE /* StoryBoard */ = {
			isa = PBXGroup;
			children = (
				99F1C35E1EA5250500CF466B /* Main.storyboard */,
				99F1C3631EA5250500CF466B /* LaunchScreen.storyboard */,
			);
			name = StoryBoard;
			sourceTree = "<group>";
		};
		99F1C3491EA5250500CF466B = {
			isa = PBXGroup;
			children = (
				99F1C3541EA5250500CF466B /* intro_to_Objective-C */,
				99F1C3531EA5250500CF466B /* Products */,
			);
			sourceTree = "<group>";
		};
		99F1C3531EA5250500CF466B /* Products */ = {
			isa = PBXGroup;
			children = (
				99F1C3521EA5250500CF466B /* intro_to_Objective-C.app */,
			);
			name = Products;
			sourceTree = "<group>";
		};
		99F1C3541EA5250500CF466B /* intro_to_Objective-C */ = {
			isa = PBXGroup;
			children = (
				99C72DE91EA7E4990074A2AE /* StoryBoard */,
				99A6D2A81EA7C0A8007B69F1 /* Controller */,
				99B3D7481EA68AF800F77F3A /* Views */,
				99B3D7461EA68AC900F77F3A /* Model */,
				99F1C3551EA5250500CF466B /* Supporting Files */,
			);
			path = "intro_to_Objective-C";
			sourceTree = "<group>";
		};
		99F1C3551EA5250500CF466B /* Supporting Files */ = {
			isa = PBXGroup;
			children = (
				99F1C3661EA5250500CF466B /* Info.plist */,
				99F1C3611EA5250500CF466B /* Assets.xcassets */,
				99F1C3581EA5250500CF466B /* AppDelegate.h */,
				99F1C3591EA5250500CF466B /* AppDelegate.m */,
				99F1C3561EA5250500CF466B /* main.m */,
			);
			name = "Supporting Files";
			sourceTree = "<group>";
		};
/* End PBXGroup section */

/* Begin PBXNativeTarget section */
		99F1C3511EA5250500CF466B /* intro_to_Objective-C */ = {
			isa = PBXNativeTarget;
			buildConfigurationList = 99F1C3691EA5250500CF466B /* Build configuration list for PBXNativeTarget "intro_to_Objective-C" */;
			buildPhases = (
				99F1C34E1EA5250500CF466B /* Sources */,
				99F1C34F1EA5250500CF466B /* Frameworks */,
				99F1C3501EA5250500CF466B /* Resources */,
			);
			buildRules = (
			);
			dependencies = (
			);
			name = "intro_to_Objective-C";
			productName = "intro_to_Objective-C";
			productReference = 99F1C3521EA5250500CF466B /* intro_to_Objective-C.app */;
			productType = "com.apple.product-type.application";
		};
/* End PBXNativeTarget section */

/* Begin PBXProject section */
		99F1C34A1EA5250500CF466B /* Project object */ = {
			isa = PBXProject;
			attributes = {
				LastUpgradeCheck = 0830;
				ORGANIZATIONNAME = "regenal grant";
				TargetAttributes = {
					99F1C3511EA5250500CF466B = {
						CreatedOnToolsVersion = 8.3.1;
						DevelopmentTeam = AVQ9E7DJWL;
						ProvisioningStyle = Automatic;
					};
				};
			};
			buildConfigurationList = 99F1C34D1EA5250500CF466B /* Build configuration list for PBXProject "intro_to_Objective-C" */;
			compatibilityVersion = "Xcode 3.2";
			developmentRegion = English;
			hasScannedForEncodings = 0;
			knownRegions = (
				en,
				Base,
			);
			mainGroup = 99F1C3491EA5250500CF466B;
			productRefGroup = 99F1C3531EA5250500CF466B /* Products */;
			projectDirPath = "";
			projectRoot = "";
			targets = (
				99F1C3511EA5250500CF466B /* intro_to_Objective-C */,
			);
		};
/* End PBXProject section */

/* Begin PBXResourcesBuildPhase section */
		99F1C3501EA5250500CF466B /* Resources */ = {
			isa = PBXResourcesBuildPhase;
			buildActionMask = 2147483647;
			files = (
				99F1C3651EA5250500CF466B /* LaunchScreen.storyboard in Resources */,
				99F1C3621EA5250500CF466B /* Assets.xcassets in Resources */,
				99F1C3601EA5250500CF466B /* Main.storyboard in Resources */,
			);
			runOnlyForDeploymentPostprocessing = 0;
		};
/* End PBXResourcesBuildPhase section */

/* Begin PBXSourcesBuildPhase section */
		99F1C34E1EA5250500CF466B /* Sources */ = {
			isa = PBXSourcesBuildPhase;
			buildActionMask = 2147483647;
			files = (
				99F1C35D1EA5250500CF466B /* ViewController.m in Sources */,
				99F1C35A1EA5250500CF466B /* AppDelegate.m in Sources */,
				99C72DEF1EA8077E0074A2AE /* AddEmployeeViewController.m in Sources */,
				99F1C36E1EA52F0100CF466B /* Person.m in Sources */,
				99C72DEC1EA7F8F30074A2AE /* EmployeeTableViewController.m in Sources */,
				99C72DE81EA7DDC00074A2AE /* Employee.m in Sources */,
				99B3D7451EA6877200F77F3A /* EmployeeDataBase.m in Sources */,
				99F1C3571EA5250500CF466B /* main.m in Sources */,
			);
			runOnlyForDeploymentPostprocessing = 0;
		};
/* End PBXSourcesBuildPhase section */

/* Begin PBXVariantGroup section */
		99F1C35E1EA5250500CF466B /* Main.storyboard */ = {
			isa = PBXVariantGroup;
			children = (
				99F1C35F1EA5250500CF466B /* Base */,
			);
			name = Main.storyboard;
			sourceTree = "<group>";
		};
		99F1C3631EA5250500CF466B /* LaunchScreen.storyboard */ = {
			isa = PBXVariantGroup;
			children = (
				99F1C3641EA5250500CF466B /* Base */,
			);
			name = LaunchScreen.storyboard;
			sourceTree = "<group>";
		};
/* End PBXVariantGroup section */

/* Begin XCBuildConfiguration section */
		99F1C3671EA5250500CF466B /* Debug */ = {
			isa = XCBuildConfiguration;
			buildSettings = {
				ALWAYS_SEARCH_USER_PATHS = NO;
				CLANG_ANALYZER_NONNULL = YES;
				CLANG_ANALYZER_NUMBER_OBJECT_CONVERSION = YES_AGGRESSIVE;
				CLANG_CXX_LANGUAGE_STANDARD = "gnu++0x";
				CLANG_CXX_LIBRARY = "libc++";
				CLANG_ENABLE_MODULES = YES;
				CLANG_ENABLE_OBJC_ARC = YES;
				CLANG_WARN_BOOL_CONVERSION = YES;
				CLANG_WARN_CONSTANT_CONVERSION = YES;
				CLANG_WARN_DIRECT_OBJC_ISA_USAGE = YES_ERROR;
				CLANG_WARN_DOCUMENTATION_COMMENTS = YES;
				CLANG_WARN_EMPTY_BODY = YES;
				CLANG_WARN_ENUM_CONVERSION = YES;
				CLANG_WARN_INFINITE_RECURSION = YES;
				CLANG_WARN_INT_CONVERSION = YES;
				CLANG_WARN_OBJC_ROOT_CLASS = YES_ERROR;
				CLANG_WARN_SUSPICIOUS_MOVE = YES;
				CLANG_WARN_UNREACHABLE_CODE = YES;
				CLANG_WARN__DUPLICATE_METHOD_MATCH = YES;
				"CODE_SIGN_IDENTITY[sdk=iphoneos*]" = "iPhone Developer";
				COPY_PHASE_STRIP = NO;
				DEBUG_INFORMATION_FORMAT = dwarf;
				ENABLE_STRICT_OBJC_MSGSEND = YES;
				ENABLE_TESTABILITY = YES;
				GCC_C_LANGUAGE_STANDARD = gnu99;
				GCC_DYNAMIC_NO_PIC = NO;
				GCC_NO_COMMON_BLOCKS = YES;
				GCC_OPTIMIZATION_LEVEL = 0;
				GCC_PREPROCESSOR_DEFINITIONS = (
					"DEBUG=1",
					"$(inherited)",
				);
				GCC_WARN_64_TO_32_BIT_CONVERSION = YES;
				GCC_WARN_ABOUT_RETURN_TYPE = YES_ERROR;
				GCC_WARN_UNDECLARED_SELECTOR = YES;
				GCC_WARN_UNINITIALIZED_AUTOS = YES_AGGRESSIVE;
				GCC_WARN_UNUSED_FUNCTION = YES;
				GCC_WARN_UNUSED_VARIABLE = YES;
				IPHONEOS_DEPLOYMENT_TARGET = 10.3;
				MTL_ENABLE_DEBUG_INFO = YES;
				ONLY_ACTIVE_ARCH = YES;
				SDKROOT = iphoneos;
				TARGETED_DEVICE_FAMILY = "1,2";
			};
			name = Debug;
		};
		99F1C3681EA5250500CF466B /* Release */ = {
			isa = XCBuildConfiguration;
			buildSettings = {
				ALWAYS_SEARCH_USER_PATHS = NO;
				CLANG_ANALYZER_NONNULL = YES;
				CLANG_ANALYZER_NUMBER_OBJECT_CONVERSION = YES_AGGRESSIVE;
				CLANG_CXX_LANGUAGE_STANDARD = "gnu++0x";
				CLANG_CXX_LIBRARY = "libc++";
				CLANG_ENABLE_MODULES = YES;
				CLANG_ENABLE_OBJC_ARC = YES;
				CLANG_WARN_BOOL_CONVERSION = YES;
				CLANG_WARN_CONSTANT_CONVERSION = YES;
				CLANG_WARN_DIRECT_OBJC_ISA_USAGE = YES_ERROR;
				CLANG_WARN_DOCUMENTATION_COMMENTS = YES;
				CLANG_WARN_EMPTY_BODY = YES;
				CLANG_WARN_ENUM_CONVERSION = YES;
				CLANG_WARN_INFINITE_RECURSION = YES;
				CLANG_WARN_INT_CONVERSION = YES;
				CLANG_WARN_OBJC_ROOT_CLASS = YES_ERROR;
				CLANG_WARN_SUSPICIOUS_MOVE = YES;
				CLANG_WARN_UNREACHABLE_CODE = YES;
				CLANG_WARN__DUPLICATE_METHOD_MATCH = YES;
				"CODE_SIGN_IDENTITY[sdk=iphoneos*]" = "iPhone Developer";
				COPY_PHASE_STRIP = NO;
				DEBUG_INFORMATION_FORMAT = "dwarf-with-dsym";
				ENABLE_NS_ASSERTIONS = NO;
				ENABLE_STRICT_OBJC_MSGSEND = YES;
				GCC_C_LANGUAGE_STANDARD = gnu99;
				GCC_NO_COMMON_BLOCKS = YES;
				GCC_WARN_64_TO_32_BIT_CONVERSION = YES;
				GCC_WARN_ABOUT_RETURN_TYPE = YES_ERROR;
				GCC_WARN_UNDECLARED_SELECTOR = YES;
				GCC_WARN_UNINITIALIZED_AUTOS = YES_AGGRESSIVE;
				GCC_WARN_UNUSED_FUNCTION = YES;
				GCC_WARN_UNUSED_VARIABLE = YES;
				IPHONEOS_DEPLOYMENT_TARGET = 10.3;
				MTL_ENABLE_DEBUG_INFO = NO;
				SDKROOT = iphoneos;
				TARGETED_DEVICE_FAMILY = "1,2";
				VALIDATE_PRODUCT = YES;
			};
			name = Release;
		};
		99F1C36A1EA5250500CF466B /* Debug */ = {
			isa = XCBuildConfiguration;
			buildSettings = {
				ASSETCATALOG_COMPILER_APPICON_NAME = AppIcon;
				DEVELOPMENT_TEAM = AVQ9E7DJWL;
				INFOPLIST_FILE = "intro_to_Objective-C/Info.plist";
				LD_RUNPATH_SEARCH_PATHS = "$(inherited) @executable_path/Frameworks";
				PRODUCT_BUNDLE_IDENTIFIER = "com.regenalgrant.intro-to-Objective-C";
				PRODUCT_NAME = "$(TARGET_NAME)";
			};
			name = Debug;
		};
		99F1C36B1EA5250500CF466B /* Release */ = {
			isa = XCBuildConfiguration;
			buildSettings = {
				ASSETCATALOG_COMPILER_APPICON_NAME = AppIcon;
				DEVELOPMENT_TEAM = AVQ9E7DJWL;
				INFOPLIST_FILE = "intro_to_Objective-C/Info.plist";
				LD_RUNPATH_SEARCH_PATHS = "$(inherited) @executable_path/Frameworks";
				PRODUCT_BUNDLE_IDENTIFIER = "com.regenalgrant.intro-to-Objective-C";
				PRODUCT_NAME = "$(TARGET_NAME)";
			};
			name = Release;
		};
/* End XCBuildConfiguration section */

/* Begin XCConfigurationList section */
		99F1C34D1EA5250500CF466B /* Build configuration list for PBXProject "intro_to_Objective-C" */ = {
			isa = XCConfigurationList;
			buildConfigurations = (
				99F1C3671EA5250500CF466B /* Debug */,
				99F1C3681EA5250500CF466B /* Release */,
			);
			defaultConfigurationIsVisible = 0;
			defaultConfigurationName = Release;
		};
		99F1C3691EA5250500CF466B /* Build configuration list for PBXNativeTarget "intro_to_Objective-C" */ = {
			isa = XCConfigurationList;
			buildConfigurations = (
				99F1C36A1EA5250500CF466B /* Debug */,
				99F1C36B1EA5250500CF466B /* Release */,
			);
			defaultConfigurationIsVisible = 0;
			defaultConfigurationName = Release;
		};
/* End XCConfigurationList section */
	};
	rootObject = 99F1C34A1EA5250500CF466B /* Project object */;
}
